// !$*UTF8*$!
{
	archiveVersion = 1;
	classes = {
	};
	objectVersion = 56;
	objects = {

/* Begin PBXBuildFile section */
		065D312F2C81A31400391DD9 /* WeatherAppApp.swift in Sources */ = {isa = PBXBuildFile; fileRef = 065D312E2C81A31400391DD9 /* WeatherAppApp.swift */; };
		065D31312C81A31400391DD9 /* ContentView.swift in Sources */ = {isa = PBXBuildFile; fileRef = 065D31302C81A31400391DD9 /* ContentView.swift */; };
		065D31332C81A31600391DD9 /* Assets.xcassets in Resources */ = {isa = PBXBuildFile; fileRef = 065D31322C81A31600391DD9 /* Assets.xcassets */; };
		065D31362C81A31600391DD9 /* Preview Assets.xcassets in Resources */ = {isa = PBXBuildFile; fileRef = 065D31352C81A31600391DD9 /* Preview Assets.xcassets */; };
		065D313E2C81A40B00391DD9 /* LocationManager.swift in Sources */ = {isa = PBXBuildFile; fileRef = 065D313D2C81A40B00391DD9 /* LocationManager.swift */; };
		065D31442C81A6E600391DD9 /* WelocomeView.swift in Sources */ = {isa = PBXBuildFile; fileRef = 065D31432C81A6E600391DD9 /* WelocomeView.swift */; };
		065D31462C81B2ED00391DD9 /* LoadingView.swift in Sources */ = {isa = PBXBuildFile; fileRef = 065D31452C81B2ED00391DD9 /* LoadingView.swift */; };
		065D314A2C81BB0C00391DD9 /* WeatherView.swift in Sources */ = {isa = PBXBuildFile; fileRef = 065D31492C81BB0C00391DD9 /* WeatherView.swift */; };
		065D314C2C81BB9B00391DD9 /* ModelData.swift in Sources */ = {isa = PBXBuildFile; fileRef = 065D314B2C81BB9B00391DD9 /* ModelData.swift */; };
		065D314E2C81BBCA00391DD9 /* weatherData.json in Resources */ = {isa = PBXBuildFile; fileRef = 065D314D2C81BBC900391DD9 /* weatherData.json */; };
		065D31502C81BCB800391DD9 /* Extensions.swift in Sources */ = {isa = PBXBuildFile; fileRef = 065D314F2C81BCB800391DD9 /* Extensions.swift */; };
		065D31532C81C3D400391DD9 /* WeatherRow.swift in Sources */ = {isa = PBXBuildFile; fileRef = 065D31522C81C3D400391DD9 /* WeatherRow.swift */; };
		065D31552C81D82200391DD9 /* WeatherManager.swift in Sources */ = {isa = PBXBuildFile; fileRef = 065D31542C81D82200391DD9 /* WeatherManager.swift */; };
		065D31572C81D91300391DD9 /* .gitignore in Resources */ = {isa = PBXBuildFile; fileRef = 065D31562C81D91300391DD9 /* .gitignore */; };
		065D31592C81D9DA00391DD9 /* Secrets.plist in Resources */ = {isa = PBXBuildFile; fileRef = 065D31582C81D9DA00391DD9 /* Secrets.plist */; };
		065D315B2C81F5DB00391DD9 /* README.md in Resources */ = {isa = PBXBuildFile; fileRef = 065D315A2C81F5DB00391DD9 /* README.md */; };
/* End PBXBuildFile section */

/* Begin PBXFileReference section */
		065D312B2C81A31400391DD9 /* WeatherApp.app */ = {isa = PBXFileReference; explicitFileType = wrapper.application; includeInIndex = 0; path = WeatherApp.app; sourceTree = BUILT_PRODUCTS_DIR; };
		065D312E2C81A31400391DD9 /* WeatherAppApp.swift */ = {isa = PBXFileReference; lastKnownFileType = sourcecode.swift; path = WeatherAppApp.swift; sourceTree = "<group>"; };
		065D31302C81A31400391DD9 /* ContentView.swift */ = {isa = PBXFileReference; lastKnownFileType = sourcecode.swift; path = ContentView.swift; sourceTree = "<group>"; };
		065D31322C81A31600391DD9 /* Assets.xcassets */ = {isa = PBXFileReference; lastKnownFileType = folder.assetcatalog; path = Assets.xcassets; sourceTree = "<group>"; };
		065D31352C81A31600391DD9 /* Preview Assets.xcassets */ = {isa = PBXFileReference; lastKnownFileType = folder.assetcatalog; path = "Preview Assets.xcassets"; sourceTree = "<group>"; };
		065D313D2C81A40B00391DD9 /* LocationManager.swift */ = {isa = PBXFileReference; lastKnownFileType = sourcecode.swift; path = LocationManager.swift; sourceTree = "<group>"; };
		065D31432C81A6E600391DD9 /* WelocomeView.swift */ = {isa = PBXFileReference; lastKnownFileType = sourcecode.swift; path = WelocomeView.swift; sourceTree = "<group>"; };
		065D31452C81B2ED00391DD9 /* LoadingView.swift */ = {isa = PBXFileReference; lastKnownFileType = sourcecode.swift; path = LoadingView.swift; sourceTree = "<group>"; };
		065D31492C81BB0C00391DD9 /* WeatherView.swift */ = {isa = PBXFileReference; lastKnownFileType = sourcecode.swift; path = WeatherView.swift; sourceTree = "<group>"; };
		065D314B2C81BB9B00391DD9 /* ModelData.swift */ = {isa = PBXFileReference; lastKnownFileType = sourcecode.swift; path = ModelData.swift; sourceTree = "<group>"; };
		065D314D2C81BBC900391DD9 /* weatherData.json */ = {isa = PBXFileReference; lastKnownFileType = text.json; path = weatherData.json; sourceTree = "<group>"; };
		065D314F2C81BCB800391DD9 /* Extensions.swift */ = {isa = PBXFileReference; lastKnownFileType = sourcecode.swift; path = Extensions.swift; sourceTree = "<group>"; };
		065D31522C81C3D400391DD9 /* WeatherRow.swift */ = {isa = PBXFileReference; lastKnownFileType = sourcecode.swift; path = WeatherRow.swift; sourceTree = "<group>"; };
		065D31542C81D82200391DD9 /* WeatherManager.swift */ = {isa = PBXFileReference; lastKnownFileType = sourcecode.swift; path = WeatherManager.swift; sourceTree = "<group>"; };
		065D31562C81D91300391DD9 /* .gitignore */ = {isa = PBXFileReference; lastKnownFileType = text; path = .gitignore; sourceTree = "<group>"; };
		065D31582C81D9DA00391DD9 /* Secrets.plist */ = {isa = PBXFileReference; lastKnownFileType = text.plist.xml; path = Secrets.plist; sourceTree = "<group>"; };
		065D315A2C81F5DB00391DD9 /* README.md */ = {isa = PBXFileReference; lastKnownFileType = net.daringfireball.markdown; path = README.md; sourceTree = "<group>"; };
/* End PBXFileReference section */

/* Begin PBXFrameworksBuildPhase section */
		065D31282C81A31400391DD9 /* Frameworks */ = {
			isa = PBXFrameworksBuildPhase;
			buildActionMask = 2147483647;
			files = (
			);
			runOnlyForDeploymentPostprocessing = 0;
		};
/* End PBXFrameworksBuildPhase section */

/* Begin PBXGroup section */
		065D31222C81A31400391DD9 = {
			isa = PBXGroup;
			children = (
				065D312D2C81A31400391DD9 /* WeatherApp */,
				065D312C2C81A31400391DD9 /* Products */,
			);
			sourceTree = "<group>";
		};
		065D312C2C81A31400391DD9 /* Products */ = {
			isa = PBXGroup;
			children = (
				065D312B2C81A31400391DD9 /* WeatherApp.app */,
			);
			name = Products;
			sourceTree = "<group>";
		};
		065D312D2C81A31400391DD9 /* WeatherApp */ = {
			isa = PBXGroup;
			children = (
				065D31512C81C3B900391DD9 /* Components */,
				065D312E2C81A31400391DD9 /* WeatherAppApp.swift */,
				065D313C2C81A3F700391DD9 /* Manager */,
				065D31402C81A61600391DD9 /* Views */,
				065D31322C81A31600391DD9 /* Assets.xcassets */,
				065D31342C81A31600391DD9 /* Preview Content */,
				065D314F2C81BCB800391DD9 /* Extensions.swift */,
				065D31562C81D91300391DD9 /* .gitignore */,
				065D31582C81D9DA00391DD9 /* Secrets.plist */,
				065D315A2C81F5DB00391DD9 /* README.md */,
			);
			path = WeatherApp;
			sourceTree = "<group>";
		};
		065D31342C81A31600391DD9 /* Preview Content */ = {
			isa = PBXGroup;
			children = (
				065D31352C81A31600391DD9 /* Preview Assets.xcassets */,
				065D314B2C81BB9B00391DD9 /* ModelData.swift */,
				065D314D2C81BBC900391DD9 /* weatherData.json */,
			);
			path = "Preview Content";
			sourceTree = "<group>";
		};
		065D313C2C81A3F700391DD9 /* Manager */ = {
			isa = PBXGroup;
			children = (
				065D313D2C81A40B00391DD9 /* LocationManager.swift */,
				065D31542C81D82200391DD9 /* WeatherManager.swift */,
			);
			path = Manager;
			sourceTree = "<group>";
		};
		065D31402C81A61600391DD9 /* Views */ = {
			isa = PBXGroup;
			children = (
				065D31302C81A31400391DD9 /* ContentView.swift */,
				065D31432C81A6E600391DD9 /* WelocomeView.swift */,
				065D31452C81B2ED00391DD9 /* LoadingView.swift */,
				065D31492C81BB0C00391DD9 /* WeatherView.swift */,
			);
			path = Views;
			sourceTree = "<group>";
		};
		065D31512C81C3B900391DD9 /* Components */ = {
			isa = PBXGroup;
			children = (
				065D31522C81C3D400391DD9 /* WeatherRow.swift */,
			);
			path = Components;
			sourceTree = "<group>";
		};
/* End PBXGroup section */

/* Begin PBXNativeTarget section */
		065D312A2C81A31400391DD9 /* WeatherApp */ = {
			isa = PBXNativeTarget;
			buildConfigurationList = 065D31392C81A31600391DD9 /* Build configuration list for PBXNativeTarget "WeatherApp" */;
			buildPhases = (
				065D31272C81A31400391DD9 /* Sources */,
				065D31282C81A31400391DD9 /* Frameworks */,
				065D31292C81A31400391DD9 /* Resources */,
			);
			buildRules = (
			);
			dependencies = (
			);
			name = WeatherApp;
			productName = WeatherApp;
			productReference = 065D312B2C81A31400391DD9 /* WeatherApp.app */;
			productType = "com.apple.product-type.application";
		};
/* End PBXNativeTarget section */

/* Begin PBXProject section */
		065D31232C81A31400391DD9 /* Project object */ = {
			isa = PBXProject;
			attributes = {
				BuildIndependentTargetsInParallel = 1;
				LastSwiftUpdateCheck = 1540;
				LastUpgradeCheck = 1540;
				TargetAttributes = {
					065D312A2C81A31400391DD9 = {
						CreatedOnToolsVersion = 15.4;
					};
				};
			};
			buildConfigurationList = 065D31262C81A31400391DD9 /* Build configuration list for PBXProject "WeatherApp" */;
			compatibilityVersion = "Xcode 14.0";
			developmentRegion = en;
			hasScannedForEncodings = 0;
			knownRegions = (
				en,
				Base,
			);
			mainGroup = 065D31222C81A31400391DD9;
			productRefGroup = 065D312C2C81A31400391DD9 /* Products */;
			projectDirPath = "";
			projectRoot = "";
			targets = (
				065D312A2C81A31400391DD9 /* WeatherApp */,
			);
		};
/* End PBXProject section */

/* Begin PBXResourcesBuildPhase section */
		065D31292C81A31400391DD9 /* Resources */ = {
			isa = PBXResourcesBuildPhase;
			buildActionMask = 2147483647;
			files = (
				065D315B2C81F5DB00391DD9 /* README.md in Resources */,
				065D31572C81D91300391DD9 /* .gitignore in Resources */,
				065D31592C81D9DA00391DD9 /* Secrets.plist in Resources */,
				065D31362C81A31600391DD9 /* Preview Assets.xcassets in Resources */,
				065D314E2C81BBCA00391DD9 /* weatherData.json in Resources */,
				065D31332C81A31600391DD9 /* Assets.xcassets in Resources */,
			);
			runOnlyForDeploymentPostprocessing = 0;
		};
/* End PBXResourcesBuildPhase section */

/* Begin PBXSourcesBuildPhase section */
		065D31272C81A31400391DD9 /* Sources */ = {
			isa = PBXSourcesBuildPhase;
			buildActionMask = 2147483647;
			files = (
				065D31502C81BCB800391DD9 /* Extensions.swift in Sources */,
				065D31312C81A31400391DD9 /* ContentView.swift in Sources */,
				065D31552C81D82200391DD9 /* WeatherManager.swift in Sources */,
				065D313E2C81A40B00391DD9 /* LocationManager.swift in Sources */,
				065D312F2C81A31400391DD9 /* WeatherAppApp.swift in Sources */,
				065D31532C81C3D400391DD9 /* WeatherRow.swift in Sources */,
				065D31462C81B2ED00391DD9 /* LoadingView.swift in Sources */,
				065D314C2C81BB9B00391DD9 /* ModelData.swift in Sources */,
				065D314A2C81BB0C00391DD9 /* WeatherView.swift in Sources */,
				065D31442C81A6E600391DD9 /* WelocomeView.swift in Sources */,
			);
			runOnlyForDeploymentPostprocessing = 0;
		};
/* End PBXSourcesBuildPhase section */

/* Begin XCBuildConfiguration section */
		065D31372C81A31600391DD9 /* Debug */ = {
			isa = XCBuildConfiguration;
			buildSettings = {
				ALWAYS_SEARCH_USER_PATHS = NO;
				ASSETCATALOG_COMPILER_GENERATE_SWIFT_ASSET_SYMBOL_EXTENSIONS = YES;
				CLANG_ANALYZER_NONNULL = YES;
				CLANG_ANALYZER_NUMBER_OBJECT_CONVERSION = YES_AGGRESSIVE;
				CLANG_CXX_LANGUAGE_STANDARD = "gnu++20";
				CLANG_ENABLE_MODULES = YES;
				CLANG_ENABLE_OBJC_ARC = YES;
				CLANG_ENABLE_OBJC_WEAK = YES;
				CLANG_WARN_BLOCK_CAPTURE_AUTORELEASING = YES;
				CLANG_WARN_BOOL_CONVERSION = YES;
				CLANG_WARN_COMMA = YES;
				CLANG_WARN_CONSTANT_CONVERSION = YES;
				CLANG_WARN_DEPRECATED_OBJC_IMPLEMENTATIONS = YES;
				CLANG_WARN_DIRECT_OBJC_ISA_USAGE = YES_ERROR;
				CLANG_WARN_DOCUMENTATION_COMMENTS = YES;
				CLANG_WARN_EMPTY_BODY = YES;
				CLANG_WARN_ENUM_CONVERSION = YES;
				CLANG_WARN_INFINITE_RECURSION = YES;
				CLANG_WARN_INT_CONVERSION = YES;
				CLANG_WARN_NON_LITERAL_NULL_CONVERSION = YES;
				CLANG_WARN_OBJC_IMPLICIT_RETAIN_SELF = YES;
				CLANG_WARN_OBJC_LITERAL_CONVERSION = YES;
				CLANG_WARN_OBJC_ROOT_CLASS = YES_ERROR;
				CLANG_WARN_QUOTED_INCLUDE_IN_FRAMEWORK_HEADER = YES;
				CLANG_WARN_RANGE_LOOP_ANALYSIS = YES;
				CLANG_WARN_STRICT_PROTOTYPES = YES;
				CLANG_WARN_SUSPICIOUS_MOVE = YES;
				CLANG_WARN_UNGUARDED_AVAILABILITY = YES_AGGRESSIVE;
				CLANG_WARN_UNREACHABLE_CODE = YES;
				CLANG_WARN__DUPLICATE_METHOD_MATCH = YES;
				COPY_PHASE_STRIP = NO;
				DEBUG_INFORMATION_FORMAT = dwarf;
				ENABLE_STRICT_OBJC_MSGSEND = YES;
				ENABLE_TESTABILITY = YES;
				ENABLE_USER_SCRIPT_SANDBOXING = YES;
				GCC_C_LANGUAGE_STANDARD = gnu17;
				GCC_DYNAMIC_NO_PIC = NO;
				GCC_NO_COMMON_BLOCKS = YES;
				GCC_OPTIMIZATION_LEVEL = 0;
				GCC_PREPROCESSOR_DEFINITIONS = (
					"DEBUG=1",
					"$(inherited)",
				);
				GCC_WARN_64_TO_32_BIT_CONVERSION = YES;
				GCC_WARN_ABOUT_RETURN_TYPE = YES_ERROR;
				GCC_WARN_UNDECLARED_SELECTOR = YES;
				GCC_WARN_UNINITIALIZED_AUTOS = YES_AGGRESSIVE;
				GCC_WARN_UNUSED_FUNCTION = YES;
				GCC_WARN_UNUSED_VARIABLE = YES;
				IPHONEOS_DEPLOYMENT_TARGET = 17.5;
				LOCALIZATION_PREFERS_STRING_CATALOGS = YES;
				MTL_ENABLE_DEBUG_INFO = INCLUDE_SOURCE;
				MTL_FAST_MATH = YES;
				ONLY_ACTIVE_ARCH = YES;
				SDKROOT = iphoneos;
				SWIFT_ACTIVE_COMPILATION_CONDITIONS = "DEBUG $(inherited)";
				SWIFT_OPTIMIZATION_LEVEL = "-Onone";
			};
			name = Debug;
		};
		065D31382C81A31600391DD9 /* Release */ = {
			isa = XCBuildConfiguration;
			buildSettings = {
				ALWAYS_SEARCH_USER_PATHS = NO;
				ASSETCATALOG_COMPILER_GENERATE_SWIFT_ASSET_SYMBOL_EXTENSIONS = YES;
				CLANG_ANALYZER_NONNULL = YES;
				CLANG_ANALYZER_NUMBER_OBJECT_CONVERSION = YES_AGGRESSIVE;
				CLANG_CXX_LANGUAGE_STANDARD = "gnu++20";
				CLANG_ENABLE_MODULES = YES;
				CLANG_ENABLE_OBJC_ARC = YES;
				CLANG_ENABLE_OBJC_WEAK = YES;
				CLANG_WARN_BLOCK_CAPTURE_AUTORELEASING = YES;
				CLANG_WARN_BOOL_CONVERSION = YES;
				CLANG_WARN_COMMA = YES;
				CLANG_WARN_CONSTANT_CONVERSION = YES;
				CLANG_WARN_DEPRECATED_OBJC_IMPLEMENTATIONS = YES;
				CLANG_WARN_DIRECT_OBJC_ISA_USAGE = YES_ERROR;
				CLANG_WARN_DOCUMENTATION_COMMENTS = YES;
				CLANG_WARN_EMPTY_BODY = YES;
				CLANG_WARN_ENUM_CONVERSION = YES;
				CLANG_WARN_INFINITE_RECURSION = YES;
				CLANG_WARN_INT_CONVERSION = YES;
				CLANG_WARN_NON_LITERAL_NULL_CONVERSION = YES;
				CLANG_WARN_OBJC_IMPLICIT_RETAIN_SELF = YES;
				CLANG_WARN_OBJC_LITERAL_CONVERSION = YES;
				CLANG_WARN_OBJC_ROOT_CLASS = YES_ERROR;
				CLANG_WARN_QUOTED_INCLUDE_IN_FRAMEWORK_HEADER = YES;
				CLANG_WARN_RANGE_LOOP_ANALYSIS = YES;
				CLANG_WARN_STRICT_PROTOTYPES = YES;
				CLANG_WARN_SUSPICIOUS_MOVE = YES;
				CLANG_WARN_UNGUARDED_AVAILABILITY = YES_AGGRESSIVE;
				CLANG_WARN_UNREACHABLE_CODE = YES;
				CLANG_WARN__DUPLICATE_METHOD_MATCH = YES;
				COPY_PHASE_STRIP = NO;
				DEBUG_INFORMATION_FORMAT = "dwarf-with-dsym";
				ENABLE_NS_ASSERTIONS = NO;
				ENABLE_STRICT_OBJC_MSGSEND = YES;
				ENABLE_USER_SCRIPT_SANDBOXING = YES;
				GCC_C_LANGUAGE_STANDARD = gnu17;
				GCC_NO_COMMON_BLOCKS = YES;
				GCC_WARN_64_TO_32_BIT_CONVERSION = YES;
				GCC_WARN_ABOUT_RETURN_TYPE = YES_ERROR;
				GCC_WARN_UNDECLARED_SELECTOR = YES;
				GCC_WARN_UNINITIALIZED_AUTOS = YES_AGGRESSIVE;
				GCC_WARN_UNUSED_FUNCTION = YES;
				GCC_WARN_UNUSED_VARIABLE = YES;
				IPHONEOS_DEPLOYMENT_TARGET = 17.5;
				LOCALIZATION_PREFERS_STRING_CATALOGS = YES;
				MTL_ENABLE_DEBUG_INFO = NO;
				MTL_FAST_MATH = YES;
				SDKROOT = iphoneos;
				SWIFT_COMPILATION_MODE = wholemodule;
				VALIDATE_PRODUCT = YES;
			};
			name = Release;
		};
		065D313A2C81A31600391DD9 /* Debug */ = {
			isa = XCBuildConfiguration;
			buildSettings = {
				ASSETCATALOG_COMPILER_APPICON_NAME = AppIcon;
				ASSETCATALOG_COMPILER_GLOBAL_ACCENT_COLOR_NAME = AccentColor;
				CODE_SIGN_STYLE = Automatic;
				CURRENT_PROJECT_VERSION = 1;
				DEVELOPMENT_ASSET_PATHS = "\"WeatherApp/Preview Content\"";
				DEVELOPMENT_TEAM = 3A6RCPU696;
				ENABLE_PREVIEWS = YES;
				GENERATE_INFOPLIST_FILE = YES;
				INFOPLIST_KEY_UIApplicationSceneManifest_Generation = YES;
				INFOPLIST_KEY_UIApplicationSupportsIndirectInputEvents = YES;
				INFOPLIST_KEY_UILaunchScreen_Generation = YES;
				INFOPLIST_KEY_UISupportedInterfaceOrientations_iPad = "UIInterfaceOrientationPortrait UIInterfaceOrientationPortraitUpsideDown UIInterfaceOrientationLandscapeLeft UIInterfaceOrientationLandscapeRight";
				INFOPLIST_KEY_UISupportedInterfaceOrientations_iPhone = "UIInterfaceOrientationPortrait UIInterfaceOrientationLandscapeLeft UIInterfaceOrientationLandscapeRight";
				LD_RUNPATH_SEARCH_PATHS = (
					"$(inherited)",
					"@executable_path/Frameworks",
				);
				MARKETING_VERSION = 1.0;
				PRODUCT_BUNDLE_IDENTIFIER = Tutorial.WeatherApp;
				PRODUCT_NAME = "$(TARGET_NAME)";
				SWIFT_EMIT_LOC_STRINGS = YES;
				SWIFT_VERSION = 5.0;
				TARGETED_DEVICE_FAMILY = "1,2";
			};
			name = Debug;
		};
		065D313B2C81A31600391DD9 /* Release */ = {
			isa = XCBuildConfiguration;
			buildSettings = {
				ASSETCATALOG_COMPILER_APPICON_NAME = AppIcon;
				ASSETCATALOG_COMPILER_GLOBAL_ACCENT_COLOR_NAME = AccentColor;
				CODE_SIGN_STYLE = Automatic;
				CURRENT_PROJECT_VERSION = 1;
				DEVELOPMENT_ASSET_PATHS = "\"WeatherApp/Preview Content\"";
				DEVELOPMENT_TEAM = 3A6RCPU696;
				ENABLE_PREVIEWS = YES;
				GENERATE_INFOPLIST_FILE = YES;
				INFOPLIST_KEY_UIApplicationSceneManifest_Generation = YES;
				INFOPLIST_KEY_UIApplicationSupportsIndirectInputEvents = YES;
				INFOPLIST_KEY_UILaunchScreen_Generation = YES;
				INFOPLIST_KEY_UISupportedInterfaceOrientations_iPad = "UIInterfaceOrientationPortrait UIInterfaceOrientationPortraitUpsideDown UIInterfaceOrientationLandscapeLeft UIInterfaceOrientationLandscapeRight";
				INFOPLIST_KEY_UISupportedInterfaceOrientations_iPhone = "UIInterfaceOrientationPortrait UIInterfaceOrientationLandscapeLeft UIInterfaceOrientationLandscapeRight";
				LD_RUNPATH_SEARCH_PATHS = (
					"$(inherited)",
					"@executable_path/Frameworks",
				);
				MARKETING_VERSION = 1.0;
				PRODUCT_BUNDLE_IDENTIFIER = Tutorial.WeatherApp;
				PRODUCT_NAME = "$(TARGET_NAME)";
				SWIFT_EMIT_LOC_STRINGS = YES;
				SWIFT_VERSION = 5.0;
				TARGETED_DEVICE_FAMILY = "1,2";
			};
			name = Release;
		};
/* End XCBuildConfiguration section */

/* Begin XCConfigurationList section */
		065D31262C81A31400391DD9 /* Build configuration list for PBXProject "WeatherApp" */ = {
			isa = XCConfigurationList;
			buildConfigurations = (
				065D31372C81A31600391DD9 /* Debug */,
				065D31382C81A31600391DD9 /* Release */,
			);
			defaultConfigurationIsVisible = 0;
			defaultConfigurationName = Release;
		};
		065D31392C81A31600391DD9 /* Build configuration list for PBXNativeTarget "WeatherApp" */ = {
			isa = XCConfigurationList;
			buildConfigurations = (
				065D313A2C81A31600391DD9 /* Debug */,
				065D313B2C81A31600391DD9 /* Release */,
			);
			defaultConfigurationIsVisible = 0;
			defaultConfigurationName = Release;
		};
/* End XCConfigurationList section */
	};
	rootObject = 065D31232C81A31400391DD9 /* Project object */;
}
